{
  "lockfileVersion": 3,
  "name": "SQLiteTutorial",
  "packages": {
    "": {
      "devDependencies": {
        "prettier": "^3.4.2",
        "prettier-plugin-sql-cst": "^0.12.2"
      }
    },
    "node_modules/prettier": {
      "bin": {
        "prettier": "bin/prettier.cjs"
      },
      "dev": true,
      "engines": {
        "node": ">=14"
      },
      "funding": {
        "url": "https://github.com/prettier/prettier?sponsor=1"
      },
      "integrity": "sha512-e9MewbtFo+Fevyuxn/4rrcDAaq0IYxPGLvObpQjiZBMAzB9IGmzlnG9RZy3FFas+eBMu2vA0CszMeduow5dIuQ==",
      "license": "MIT",
      "resolved": "https://registry.npmjs.org/prettier/-/prettier-3.4.2.tgz",
      "version": "3.4.2"
    },
    "node_modules/prettier-plugin-sql-cst": {
      "dependencies": {
        "prettier": "^3.0.3",
        "sql-parser-cst": "^0.32.0"
      },
      "dev": true,
      "integrity": "sha512-KvG6JCshlJYUVD6khL3/N33Kw9VIcDWN4J1bG2UsJv4HfAWFRaFeg0IN/9dvbID2liy0eWRB0e3HAfT3FyxB2A==",
      "license": "GPL-3.0-or-later",
      "resolved": "https://registry.npmjs.org/prettier-plugin-sql-cst/-/prettier-plugin-sql-cst-0.12.2.tgz",
      "version": "0.12.2"
    },
    "node_modules/sql-parser-cst": {
      "dev": true,
      "integrity": "sha512-J/8IeKGBGftFbssmWlE7NnIOnkH0EW8FwJoctcgZB9cY0aeCb1QFp/rl9uYPX87SY38PwCKiPUJO8+fssqg5vQ==",
      "license": "GPL-2.0-or-later",
      "resolved": "https://registry.npmjs.org/sql-parser-cst/-/sql-parser-cst-0.32.0.tgz",
      "version": "0.32.0"
    }
  },
  "requires": true
}
